// !$*UTF8*$!
{
	archiveVersion = 1;
	classes = {
	};
	objectVersion = 55;
	objects = {

/* Begin PBXBuildFile section */
		307CCAED50CCB284EAF3BEB9 /* Pods_MessengerTests.framework in Frameworks */ = {isa = PBXBuildFile; fileRef = 56CCCE9D23D4CD646BA02613 /* Pods_MessengerTests.framework */; };
		4E168427272E8BB3008C173E /* FirebaseAnalytics in Frameworks */ = {isa = PBXBuildFile; productRef = 4E168426272E8BB3008C173E /* FirebaseAnalytics */; };
		4E168429272E8BB3008C173E /* FirebaseAuth in Frameworks */ = {isa = PBXBuildFile; productRef = 4E168428272E8BB3008C173E /* FirebaseAuth */; };
		4E16842B272E8BB3008C173E /* FirebaseDatabase in Frameworks */ = {isa = PBXBuildFile; productRef = 4E16842A272E8BB3008C173E /* FirebaseDatabase */; };
		4E16842D272E8BB3008C173E /* FirebaseMessaging in Frameworks */ = {isa = PBXBuildFile; productRef = 4E16842C272E8BB3008C173E /* FirebaseMessaging */; };
		4E16842F272E8BB3008C173E /* FirebaseStorage in Frameworks */ = {isa = PBXBuildFile; productRef = 4E16842E272E8BB3008C173E /* FirebaseStorage */; };
		4E168431272E8D48008C173E /* GoogleService-Info.plist in Resources */ = {isa = PBXBuildFile; fileRef = 4E168430272E8D48008C173E /* GoogleService-Info.plist */; };
		4E8A6D0C272945550039A469 /* AppDelegate.swift in Sources */ = {isa = PBXBuildFile; fileRef = 4E8A6D0B272945550039A469 /* AppDelegate.swift */; };
		4E8A6D0E272945550039A469 /* SceneDelegate.swift in Sources */ = {isa = PBXBuildFile; fileRef = 4E8A6D0D272945550039A469 /* SceneDelegate.swift */; };
		4E8A6D10272945550039A469 /* LoginViewController.swift in Sources */ = {isa = PBXBuildFile; fileRef = 4E8A6D0F272945550039A469 /* LoginViewController.swift */; };
		4E8A6D13272945550039A469 /* Main.storyboard in Resources */ = {isa = PBXBuildFile; fileRef = 4E8A6D11272945550039A469 /* Main.storyboard */; };
		4E8A6D15272945560039A469 /* Assets.xcassets in Resources */ = {isa = PBXBuildFile; fileRef = 4E8A6D14272945560039A469 /* Assets.xcassets */; };
		4E8A6D18272945560039A469 /* LaunchScreen.storyboard in Resources */ = {isa = PBXBuildFile; fileRef = 4E8A6D16272945560039A469 /* LaunchScreen.storyboard */; };
		4E8A6D23272945560039A469 /* MessengerTests.swift in Sources */ = {isa = PBXBuildFile; fileRef = 4E8A6D22272945560039A469 /* MessengerTests.swift */; };
		4E8A6D2D272945560039A469 /* MessengerUITests.swift in Sources */ = {isa = PBXBuildFile; fileRef = 4E8A6D2C272945560039A469 /* MessengerUITests.swift */; };
		4E8A6D2F272945560039A469 /* MessengerUITestsLaunchTests.swift in Sources */ = {isa = PBXBuildFile; fileRef = 4E8A6D2E272945560039A469 /* MessengerUITestsLaunchTests.swift */; };
		4E8A6D3D272967E50039A469 /* Extensions.swift in Sources */ = {isa = PBXBuildFile; fileRef = 4E8A6D3C272967E40039A469 /* Extensions.swift */; };
		4E8A6D44272968FA0039A469 /* RegistrationViewController.swift in Sources */ = {isa = PBXBuildFile; fileRef = 4E8A6D43272968FA0039A469 /* RegistrationViewController.swift */; };
		4E8A6D472729693E0039A469 /* ConversationViewController.swift in Sources */ = {isa = PBXBuildFile; fileRef = 4E8A6D462729693E0039A469 /* ConversationViewController.swift */; };
		4E8A6D49272969540039A469 /* NewConversationViewController.swift in Sources */ = {isa = PBXBuildFile; fileRef = 4E8A6D48272969540039A469 /* NewConversationViewController.swift */; };
		4E8A6D4C272969D40039A469 /* ProfileViewController.swift in Sources */ = {isa = PBXBuildFile; fileRef = 4E8A6D4B272969D40039A469 /* ProfileViewController.swift */; };
		89E49EFFF14E9C0E92915202 /* Pods_Messenger.framework in Frameworks */ = {isa = PBXBuildFile; fileRef = 9304F8701DE05156CE58B0C5 /* Pods_Messenger.framework */; };
		F3AA5488D3C516597B841407 /* Pods_Messenger_MessengerUITests.framework in Frameworks */ = {isa = PBXBuildFile; fileRef = 37EE6C7E195E9C8C2F8EBC3C /* Pods_Messenger_MessengerUITests.framework */; };
/* End PBXBuildFile section */

/* Begin PBXContainerItemProxy section */
		4E8A6D1F272945560039A469 /* PBXContainerItemProxy */ = {
			isa = PBXContainerItemProxy;
			containerPortal = 4E8A6D00272945550039A469 /* Project object */;
			proxyType = 1;
			remoteGlobalIDString = 4E8A6D07272945550039A469;
			remoteInfo = Messenger;
		};
		4E8A6D29272945560039A469 /* PBXContainerItemProxy */ = {
			isa = PBXContainerItemProxy;
			containerPortal = 4E8A6D00272945550039A469 /* Project object */;
			proxyType = 1;
			remoteGlobalIDString = 4E8A6D07272945550039A469;
			remoteInfo = Messenger;
		};
/* End PBXContainerItemProxy section */

/* Begin PBXFileReference section */
		23CB6B0267DFD1CB8DEC14B4 /* Pods-MessengerTests.debug.xcconfig */ = {isa = PBXFileReference; includeInIndex = 1; lastKnownFileType = text.xcconfig; name = "Pods-MessengerTests.debug.xcconfig"; path = "Target Support Files/Pods-MessengerTests/Pods-MessengerTests.debug.xcconfig"; sourceTree = "<group>"; };
		37EE6C7E195E9C8C2F8EBC3C /* Pods_Messenger_MessengerUITests.framework */ = {isa = PBXFileReference; explicitFileType = wrapper.framework; includeInIndex = 0; path = Pods_Messenger_MessengerUITests.framework; sourceTree = BUILT_PRODUCTS_DIR; };
		4E168430272E8D48008C173E /* GoogleService-Info.plist */ = {isa = PBXFileReference; fileEncoding = 4; lastKnownFileType = text.plist.xml; path = "GoogleService-Info.plist"; sourceTree = "<group>"; };
		4E8A6D08272945550039A469 /* Messenger.app */ = {isa = PBXFileReference; explicitFileType = wrapper.application; includeInIndex = 0; path = Messenger.app; sourceTree = BUILT_PRODUCTS_DIR; };
		4E8A6D0B272945550039A469 /* AppDelegate.swift */ = {isa = PBXFileReference; lastKnownFileType = sourcecode.swift; path = AppDelegate.swift; sourceTree = "<group>"; };
		4E8A6D0D272945550039A469 /* SceneDelegate.swift */ = {isa = PBXFileReference; lastKnownFileType = sourcecode.swift; path = SceneDelegate.swift; sourceTree = "<group>"; };
		4E8A6D0F272945550039A469 /* LoginViewController.swift */ = {isa = PBXFileReference; lastKnownFileType = sourcecode.swift; path = LoginViewController.swift; sourceTree = "<group>"; };
		4E8A6D12272945550039A469 /* Base */ = {isa = PBXFileReference; lastKnownFileType = file.storyboard; name = Base; path = Base.lproj/Main.storyboard; sourceTree = "<group>"; };
		4E8A6D14272945560039A469 /* Assets.xcassets */ = {isa = PBXFileReference; lastKnownFileType = folder.assetcatalog; path = Assets.xcassets; sourceTree = "<group>"; };
		4E8A6D17272945560039A469 /* Base */ = {isa = PBXFileReference; lastKnownFileType = file.storyboard; name = Base; path = Base.lproj/LaunchScreen.storyboard; sourceTree = "<group>"; };
		4E8A6D19272945560039A469 /* Info.plist */ = {isa = PBXFileReference; lastKnownFileType = text.plist.xml; path = Info.plist; sourceTree = "<group>"; };
		4E8A6D1E272945560039A469 /* MessengerTests.xctest */ = {isa = PBXFileReference; explicitFileType = wrapper.cfbundle; includeInIndex = 0; path = MessengerTests.xctest; sourceTree = BUILT_PRODUCTS_DIR; };
		4E8A6D22272945560039A469 /* MessengerTests.swift */ = {isa = PBXFileReference; lastKnownFileType = sourcecode.swift; path = MessengerTests.swift; sourceTree = "<group>"; };
		4E8A6D28272945560039A469 /* MessengerUITests.xctest */ = {isa = PBXFileReference; explicitFileType = wrapper.cfbundle; includeInIndex = 0; path = MessengerUITests.xctest; sourceTree = BUILT_PRODUCTS_DIR; };
		4E8A6D2C272945560039A469 /* MessengerUITests.swift */ = {isa = PBXFileReference; lastKnownFileType = sourcecode.swift; path = MessengerUITests.swift; sourceTree = "<group>"; };
		4E8A6D2E272945560039A469 /* MessengerUITestsLaunchTests.swift */ = {isa = PBXFileReference; lastKnownFileType = sourcecode.swift; path = MessengerUITestsLaunchTests.swift; sourceTree = "<group>"; };
		4E8A6D3C272967E40039A469 /* Extensions.swift */ = {isa = PBXFileReference; lastKnownFileType = sourcecode.swift; path = Extensions.swift; sourceTree = "<group>"; };
		4E8A6D43272968FA0039A469 /* RegistrationViewController.swift */ = {isa = PBXFileReference; lastKnownFileType = sourcecode.swift; path = RegistrationViewController.swift; sourceTree = "<group>"; };
		4E8A6D462729693E0039A469 /* ConversationViewController.swift */ = {isa = PBXFileReference; lastKnownFileType = sourcecode.swift; path = ConversationViewController.swift; sourceTree = "<group>"; };
		4E8A6D48272969540039A469 /* NewConversationViewController.swift */ = {isa = PBXFileReference; lastKnownFileType = sourcecode.swift; path = NewConversationViewController.swift; sourceTree = "<group>"; };
		4E8A6D4B272969D40039A469 /* ProfileViewController.swift */ = {isa = PBXFileReference; lastKnownFileType = sourcecode.swift; path = ProfileViewController.swift; sourceTree = "<group>"; };
		56CCCE9D23D4CD646BA02613 /* Pods_MessengerTests.framework */ = {isa = PBXFileReference; explicitFileType = wrapper.framework; includeInIndex = 0; path = Pods_MessengerTests.framework; sourceTree = BUILT_PRODUCTS_DIR; };
		9304F8701DE05156CE58B0C5 /* Pods_Messenger.framework */ = {isa = PBXFileReference; explicitFileType = wrapper.framework; includeInIndex = 0; path = Pods_Messenger.framework; sourceTree = BUILT_PRODUCTS_DIR; };
		A55DB547B1786A8C6E056818 /* Pods-Messenger-MessengerUITests.debug.xcconfig */ = {isa = PBXFileReference; includeInIndex = 1; lastKnownFileType = text.xcconfig; name = "Pods-Messenger-MessengerUITests.debug.xcconfig"; path = "Target Support Files/Pods-Messenger-MessengerUITests/Pods-Messenger-MessengerUITests.debug.xcconfig"; sourceTree = "<group>"; };
		A5DE884AC82F747B47D52EA8 /* Pods-Messenger-MessengerUITests.release.xcconfig */ = {isa = PBXFileReference; includeInIndex = 1; lastKnownFileType = text.xcconfig; name = "Pods-Messenger-MessengerUITests.release.xcconfig"; path = "Target Support Files/Pods-Messenger-MessengerUITests/Pods-Messenger-MessengerUITests.release.xcconfig"; sourceTree = "<group>"; };
		DE26CA4C9ED23CD828ACD6AD /* Pods-Messenger.debug.xcconfig */ = {isa = PBXFileReference; includeInIndex = 1; lastKnownFileType = text.xcconfig; name = "Pods-Messenger.debug.xcconfig"; path = "Target Support Files/Pods-Messenger/Pods-Messenger.debug.xcconfig"; sourceTree = "<group>"; };
		EDBCAC770792816A8F12AD5D /* Pods-MessengerTests.release.xcconfig */ = {isa = PBXFileReference; includeInIndex = 1; lastKnownFileType = text.xcconfig; name = "Pods-MessengerTests.release.xcconfig"; path = "Target Support Files/Pods-MessengerTests/Pods-MessengerTests.release.xcconfig"; sourceTree = "<group>"; };
		F0BE293C3DA6487E978206B2 /* Pods-Messenger.release.xcconfig */ = {isa = PBXFileReference; includeInIndex = 1; lastKnownFileType = text.xcconfig; name = "Pods-Messenger.release.xcconfig"; path = "Target Support Files/Pods-Messenger/Pods-Messenger.release.xcconfig"; sourceTree = "<group>"; };
/* End PBXFileReference section */

/* Begin PBXFrameworksBuildPhase section */
		4E8A6D05272945550039A469 /* Frameworks */ = {
			isa = PBXFrameworksBuildPhase;
			buildActionMask = 2147483647;
			files = (
				4E168427272E8BB3008C173E /* FirebaseAnalytics in Frameworks */,
				4E168429272E8BB3008C173E /* FirebaseAuth in Frameworks */,
				4E16842D272E8BB3008C173E /* FirebaseMessaging in Frameworks */,
				4E16842B272E8BB3008C173E /* FirebaseDatabase in Frameworks */,
				89E49EFFF14E9C0E92915202 /* Pods_Messenger.framework in Frameworks */,
				4E16842F272E8BB3008C173E /* FirebaseStorage in Frameworks */,
			);
			runOnlyForDeploymentPostprocessing = 0;
		};
		4E8A6D1B272945560039A469 /* Frameworks */ = {
			isa = PBXFrameworksBuildPhase;
			buildActionMask = 2147483647;
			files = (
				307CCAED50CCB284EAF3BEB9 /* Pods_MessengerTests.framework in Frameworks */,
			);
			runOnlyForDeploymentPostprocessing = 0;
		};
		4E8A6D25272945560039A469 /* Frameworks */ = {
			isa = PBXFrameworksBuildPhase;
			buildActionMask = 2147483647;
			files = (
				F3AA5488D3C516597B841407 /* Pods_Messenger_MessengerUITests.framework in Frameworks */,
			);
			runOnlyForDeploymentPostprocessing = 0;
		};
/* End PBXFrameworksBuildPhase section */

/* Begin PBXGroup section */
		082A89AB2E12C00377F18C26 /* Pods */ = {
			isa = PBXGroup;
			children = (
				DE26CA4C9ED23CD828ACD6AD /* Pods-Messenger.debug.xcconfig */,
				F0BE293C3DA6487E978206B2 /* Pods-Messenger.release.xcconfig */,
				A55DB547B1786A8C6E056818 /* Pods-Messenger-MessengerUITests.debug.xcconfig */,
				A5DE884AC82F747B47D52EA8 /* Pods-Messenger-MessengerUITests.release.xcconfig */,
				23CB6B0267DFD1CB8DEC14B4 /* Pods-MessengerTests.debug.xcconfig */,
				EDBCAC770792816A8F12AD5D /* Pods-MessengerTests.release.xcconfig */,
			);
			path = Pods;
			sourceTree = "<group>";
		};
		4E8A6CFF272945550039A469 = {
			isa = PBXGroup;
			children = (
				4E8A6D0A272945550039A469 /* Messenger */,
				4E8A6D21272945560039A469 /* MessengerTests */,
				4E8A6D2B272945560039A469 /* MessengerUITests */,
				4E8A6D09272945550039A469 /* Products */,
				082A89AB2E12C00377F18C26 /* Pods */,
				F124D03D634AF4A8B4336F44 /* Frameworks */,
			);
			sourceTree = "<group>";
		};
		4E8A6D09272945550039A469 /* Products */ = {
			isa = PBXGroup;
			children = (
				4E8A6D08272945550039A469 /* Messenger.app */,
				4E8A6D1E272945560039A469 /* MessengerTests.xctest */,
				4E8A6D28272945560039A469 /* MessengerUITests.xctest */,
			);
			name = Products;
			sourceTree = "<group>";
		};
		4E8A6D0A272945550039A469 /* Messenger */ = {
			isa = PBXGroup;
			children = (
				4E168430272E8D48008C173E /* GoogleService-Info.plist */,
				4E8A6D19272945560039A469 /* Info.plist */,
				4E8A6D41272968580039A469 /* Controllers */,
				4E8A6D3F272968160039A469 /* Views */,
				4E8A6D3E272967F50039A469 /* Models */,
				4E8A6D3B2729676D0039A469 /* Resources */,
			);
			path = Messenger;
			sourceTree = "<group>";
		};
		4E8A6D21272945560039A469 /* MessengerTests */ = {
			isa = PBXGroup;
			children = (
				4E8A6D22272945560039A469 /* MessengerTests.swift */,
			);
			path = MessengerTests;
			sourceTree = "<group>";
		};
		4E8A6D2B272945560039A469 /* MessengerUITests */ = {
			isa = PBXGroup;
			children = (
				4E8A6D2C272945560039A469 /* MessengerUITests.swift */,
				4E8A6D2E272945560039A469 /* MessengerUITestsLaunchTests.swift */,
			);
			path = MessengerUITests;
			sourceTree = "<group>";
		};
		4E8A6D3B2729676D0039A469 /* Resources */ = {
			isa = PBXGroup;
			children = (
				4E8A6D0D272945550039A469 /* SceneDelegate.swift */,
				4E8A6D0B272945550039A469 /* AppDelegate.swift */,
				4E8A6D3C272967E40039A469 /* Extensions.swift */,
			);
			path = Resources;
			sourceTree = "<group>";
		};
		4E8A6D3E272967F50039A469 /* Models */ = {
			isa = PBXGroup;
			children = (
			);
			path = Models;
			sourceTree = "<group>";
		};
		4E8A6D3F272968160039A469 /* Views */ = {
			isa = PBXGroup;
			children = (
				4E8A6D40272968210039A469 /* Storyboards */,
				4E8A6D14272945560039A469 /* Assets.xcassets */,
			);
			path = Views;
			sourceTree = "<group>";
		};
		4E8A6D40272968210039A469 /* Storyboards */ = {
			isa = PBXGroup;
			children = (
				4E8A6D16272945560039A469 /* LaunchScreen.storyboard */,
				4E8A6D11272945550039A469 /* Main.storyboard */,
			);
			path = Storyboards;
			sourceTree = "<group>";
		};
		4E8A6D41272968580039A469 /* Controllers */ = {
			isa = PBXGroup;
			children = (
				4E8A6D4A272969C00039A469 /* Profile */,
				4E8A6D452729691C0039A469 /* Conversation */,
				4E8A6D42272968B50039A469 /* Authentication */,
			);
			path = Controllers;
			sourceTree = "<group>";
		};
		4E8A6D42272968B50039A469 /* Authentication */ = {
			isa = PBXGroup;
			children = (
				4E8A6D0F272945550039A469 /* LoginViewController.swift */,
				4E8A6D43272968FA0039A469 /* RegistrationViewController.swift */,
			);
			path = Authentication;
			sourceTree = "<group>";
		};
		4E8A6D452729691C0039A469 /* Conversation */ = {
			isa = PBXGroup;
			children = (
				4E8A6D462729693E0039A469 /* ConversationViewController.swift */,
				4E8A6D48272969540039A469 /* NewConversationViewController.swift */,
			);
			path = Conversation;
			sourceTree = "<group>";
		};
		4E8A6D4A272969C00039A469 /* Profile */ = {
			isa = PBXGroup;
			children = (
				4E8A6D4B272969D40039A469 /* ProfileViewController.swift */,
			);
			path = Profile;
			sourceTree = "<group>";
		};
		F124D03D634AF4A8B4336F44 /* Frameworks */ = {
			isa = PBXGroup;
			children = (
				9304F8701DE05156CE58B0C5 /* Pods_Messenger.framework */,
				37EE6C7E195E9C8C2F8EBC3C /* Pods_Messenger_MessengerUITests.framework */,
				56CCCE9D23D4CD646BA02613 /* Pods_MessengerTests.framework */,
			);
			name = Frameworks;
			sourceTree = "<group>";
		};
/* End PBXGroup section */

/* Begin PBXNativeTarget section */
		4E8A6D07272945550039A469 /* Messenger */ = {
			isa = PBXNativeTarget;
			buildConfigurationList = 4E8A6D32272945560039A469 /* Build configuration list for PBXNativeTarget "Messenger" */;
			buildPhases = (
				35A9FBD492A4D7EB9E7F8939 /* [CP] Check Pods Manifest.lock */,
				4E8A6D04272945550039A469 /* Sources */,
				4E8A6D05272945550039A469 /* Frameworks */,
				4E8A6D06272945550039A469 /* Resources */,
				9B17CB8F65EC411FABE64DB1 /* [CP] Embed Pods Frameworks */,
			);
			buildRules = (
			);
			dependencies = (
			);
			name = Messenger;
			packageProductDependencies = (
				4E168426272E8BB3008C173E /* FirebaseAnalytics */,
				4E168428272E8BB3008C173E /* FirebaseAuth */,
				4E16842A272E8BB3008C173E /* FirebaseDatabase */,
				4E16842C272E8BB3008C173E /* FirebaseMessaging */,
				4E16842E272E8BB3008C173E /* FirebaseStorage */,
			);
			productName = Messenger;
			productReference = 4E8A6D08272945550039A469 /* Messenger.app */;
			productType = "com.apple.product-type.application";
		};
		4E8A6D1D272945560039A469 /* MessengerTests */ = {
			isa = PBXNativeTarget;
			buildConfigurationList = 4E8A6D35272945560039A469 /* Build configuration list for PBXNativeTarget "MessengerTests" */;
			buildPhases = (
				E94A07310A72673882A3C0AA /* [CP] Check Pods Manifest.lock */,
				4E8A6D1A272945560039A469 /* Sources */,
				4E8A6D1B272945560039A469 /* Frameworks */,
				4E8A6D1C272945560039A469 /* Resources */,
			);
			buildRules = (
			);
			dependencies = (
				4E8A6D20272945560039A469 /* PBXTargetDependency */,
			);
			name = MessengerTests;
			productName = MessengerTests;
			productReference = 4E8A6D1E272945560039A469 /* MessengerTests.xctest */;
			productType = "com.apple.product-type.bundle.unit-test";
		};
		4E8A6D27272945560039A469 /* MessengerUITests */ = {
			isa = PBXNativeTarget;
			buildConfigurationList = 4E8A6D38272945560039A469 /* Build configuration list for PBXNativeTarget "MessengerUITests" */;
			buildPhases = (
				D659CFC34A9EB24AA0EA0FBA /* [CP] Check Pods Manifest.lock */,
				4E8A6D24272945560039A469 /* Sources */,
				4E8A6D25272945560039A469 /* Frameworks */,
				4E8A6D26272945560039A469 /* Resources */,
				AFF2E95247335808F3815900 /* [CP] Embed Pods Frameworks */,
			);
			buildRules = (
			);
			dependencies = (
				4E8A6D2A272945560039A469 /* PBXTargetDependency */,
			);
			name = MessengerUITests;
			productName = MessengerUITests;
			productReference = 4E8A6D28272945560039A469 /* MessengerUITests.xctest */;
			productType = "com.apple.product-type.bundle.ui-testing";
		};
/* End PBXNativeTarget section */

/* Begin PBXProject section */
		4E8A6D00272945550039A469 /* Project object */ = {
			isa = PBXProject;
			attributes = {
				BuildIndependentTargetsInParallel = 1;
				LastSwiftUpdateCheck = 1300;
				LastUpgradeCheck = 1300;
				TargetAttributes = {
					4E8A6D07272945550039A469 = {
						CreatedOnToolsVersion = 13.0;
					};
					4E8A6D1D272945560039A469 = {
						CreatedOnToolsVersion = 13.0;
						TestTargetID = 4E8A6D07272945550039A469;
					};
					4E8A6D27272945560039A469 = {
						CreatedOnToolsVersion = 13.0;
						TestTargetID = 4E8A6D07272945550039A469;
					};
				};
			};
			buildConfigurationList = 4E8A6D03272945550039A469 /* Build configuration list for PBXProject "Messenger" */;
			compatibilityVersion = "Xcode 13.0";
			developmentRegion = en;
			hasScannedForEncodings = 0;
			knownRegions = (
				en,
				Base,
			);
			mainGroup = 4E8A6CFF272945550039A469;
			packageReferences = (
				4E168425272E8BB3008C173E /* XCRemoteSwiftPackageReference "firebase-ios-sdk" */,
			);
			productRefGroup = 4E8A6D09272945550039A469 /* Products */;
			projectDirPath = "";
			projectRoot = "";
			targets = (
				4E8A6D07272945550039A469 /* Messenger */,
				4E8A6D1D272945560039A469 /* MessengerTests */,
				4E8A6D27272945560039A469 /* MessengerUITests */,
			);
		};
/* End PBXProject section */

/* Begin PBXResourcesBuildPhase section */
		4E8A6D06272945550039A469 /* Resources */ = {
			isa = PBXResourcesBuildPhase;
			buildActionMask = 2147483647;
			files = (
				4E8A6D18272945560039A469 /* LaunchScreen.storyboard in Resources */,
				4E168431272E8D48008C173E /* GoogleService-Info.plist in Resources */,
				4E8A6D15272945560039A469 /* Assets.xcassets in Resources */,
				4E8A6D13272945550039A469 /* Main.storyboard in Resources */,
			);
			runOnlyForDeploymentPostprocessing = 0;
		};
		4E8A6D1C272945560039A469 /* Resources */ = {
			isa = PBXResourcesBuildPhase;
			buildActionMask = 2147483647;
			files = (
			);
			runOnlyForDeploymentPostprocessing = 0;
		};
		4E8A6D26272945560039A469 /* Resources */ = {
			isa = PBXResourcesBuildPhase;
			buildActionMask = 2147483647;
			files = (
			);
			runOnlyForDeploymentPostprocessing = 0;
		};
/* End PBXResourcesBuildPhase section */

/* Begin PBXShellScriptBuildPhase section */
		35A9FBD492A4D7EB9E7F8939 /* [CP] Check Pods Manifest.lock */ = {
			isa = PBXShellScriptBuildPhase;
			buildActionMask = 2147483647;
			files = (
			);
			inputFileListPaths = (
			);
			inputPaths = (
				"${PODS_PODFILE_DIR_PATH}/Podfile.lock",
				"${PODS_ROOT}/Manifest.lock",
			);
			name = "[CP] Check Pods Manifest.lock";
			outputFileListPaths = (
			);
			outputPaths = (
				"$(DERIVED_FILE_DIR)/Pods-Messenger-checkManifestLockResult.txt",
			);
			runOnlyForDeploymentPostprocessing = 0;
			shellPath = /bin/sh;
			shellScript = "diff \"${PODS_PODFILE_DIR_PATH}/Podfile.lock\" \"${PODS_ROOT}/Manifest.lock\" > /dev/null\nif [ $? != 0 ] ; then\n    # print error to STDERR\n    echo \"error: The sandbox is not in sync with the Podfile.lock. Run 'pod install' or update your CocoaPods installation.\" >&2\n    exit 1\nfi\n# This output is used by Xcode 'outputs' to avoid re-running this script phase.\necho \"SUCCESS\" > \"${SCRIPT_OUTPUT_FILE_0}\"\n";
			showEnvVarsInLog = 0;
		};
		9B17CB8F65EC411FABE64DB1 /* [CP] Embed Pods Frameworks */ = {
			isa = PBXShellScriptBuildPhase;
			buildActionMask = 2147483647;
			files = (
			);
			inputFileListPaths = (
				"${PODS_ROOT}/Target Support Files/Pods-Messenger/Pods-Messenger-frameworks-${CONFIGURATION}-input-files.xcfilelist",
			);
			name = "[CP] Embed Pods Frameworks";
			outputFileListPaths = (
				"${PODS_ROOT}/Target Support Files/Pods-Messenger/Pods-Messenger-frameworks-${CONFIGURATION}-output-files.xcfilelist",
			);
			runOnlyForDeploymentPostprocessing = 0;
			shellPath = /bin/sh;
			shellScript = "\"${PODS_ROOT}/Target Support Files/Pods-Messenger/Pods-Messenger-frameworks.sh\"\n";
			showEnvVarsInLog = 0;
		};
		AFF2E95247335808F3815900 /* [CP] Embed Pods Frameworks */ = {
			isa = PBXShellScriptBuildPhase;
			buildActionMask = 2147483647;
			files = (
			);
			inputFileListPaths = (
				"${PODS_ROOT}/Target Support Files/Pods-Messenger-MessengerUITests/Pods-Messenger-MessengerUITests-frameworks-${CONFIGURATION}-input-files.xcfilelist",
			);
			name = "[CP] Embed Pods Frameworks";
			outputFileListPaths = (
				"${PODS_ROOT}/Target Support Files/Pods-Messenger-MessengerUITests/Pods-Messenger-MessengerUITests-frameworks-${CONFIGURATION}-output-files.xcfilelist",
			);
			runOnlyForDeploymentPostprocessing = 0;
			shellPath = /bin/sh;
			shellScript = "\"${PODS_ROOT}/Target Support Files/Pods-Messenger-MessengerUITests/Pods-Messenger-MessengerUITests-frameworks.sh\"\n";
			showEnvVarsInLog = 0;
		};
		D659CFC34A9EB24AA0EA0FBA /* [CP] Check Pods Manifest.lock */ = {
			isa = PBXShellScriptBuildPhase;
			buildActionMask = 2147483647;
			files = (
			);
			inputFileListPaths = (
			);
			inputPaths = (
				"${PODS_PODFILE_DIR_PATH}/Podfile.lock",
				"${PODS_ROOT}/Manifest.lock",
			);
			name = "[CP] Check Pods Manifest.lock";
			outputFileListPaths = (
			);
			outputPaths = (
				"$(DERIVED_FILE_DIR)/Pods-Messenger-MessengerUITests-checkManifestLockResult.txt",
			);
			runOnlyForDeploymentPostprocessing = 0;
			shellPath = /bin/sh;
			shellScript = "diff \"${PODS_PODFILE_DIR_PATH}/Podfile.lock\" \"${PODS_ROOT}/Manifest.lock\" > /dev/null\nif [ $? != 0 ] ; then\n    # print error to STDERR\n    echo \"error: The sandbox is not in sync with the Podfile.lock. Run 'pod install' or update your CocoaPods installation.\" >&2\n    exit 1\nfi\n# This output is used by Xcode 'outputs' to avoid re-running this script phase.\necho \"SUCCESS\" > \"${SCRIPT_OUTPUT_FILE_0}\"\n";
			showEnvVarsInLog = 0;
		};
		E94A07310A72673882A3C0AA /* [CP] Check Pods Manifest.lock */ = {
			isa = PBXShellScriptBuildPhase;
			buildActionMask = 2147483647;
			files = (
			);
			inputFileListPaths = (
			);
			inputPaths = (
				"${PODS_PODFILE_DIR_PATH}/Podfile.lock",
				"${PODS_ROOT}/Manifest.lock",
			);
			name = "[CP] Check Pods Manifest.lock";
			outputFileListPaths = (
			);
			outputPaths = (
				"$(DERIVED_FILE_DIR)/Pods-MessengerTests-checkManifestLockResult.txt",
			);
			runOnlyForDeploymentPostprocessing = 0;
			shellPath = /bin/sh;
			shellScript = "diff \"${PODS_PODFILE_DIR_PATH}/Podfile.lock\" \"${PODS_ROOT}/Manifest.lock\" > /dev/null\nif [ $? != 0 ] ; then\n    # print error to STDERR\n    echo \"error: The sandbox is not in sync with the Podfile.lock. Run 'pod install' or update your CocoaPods installation.\" >&2\n    exit 1\nfi\n# This output is used by Xcode 'outputs' to avoid re-running this script phase.\necho \"SUCCESS\" > \"${SCRIPT_OUTPUT_FILE_0}\"\n";
			showEnvVarsInLog = 0;
		};
/* End PBXShellScriptBuildPhase section */

/* Begin PBXSourcesBuildPhase section */
		4E8A6D04272945550039A469 /* Sources */ = {
			isa = PBXSourcesBuildPhase;
			buildActionMask = 2147483647;
			files = (
				4E8A6D10272945550039A469 /* LoginViewController.swift in Sources */,
				4E8A6D49272969540039A469 /* NewConversationViewController.swift in Sources */,
				4E8A6D0C272945550039A469 /* AppDelegate.swift in Sources */,
				4E8A6D472729693E0039A469 /* ConversationViewController.swift in Sources */,
				4E8A6D0E272945550039A469 /* SceneDelegate.swift in Sources */,
				4E8A6D3D272967E50039A469 /* Extensions.swift in Sources */,
				4E8A6D4C272969D40039A469 /* ProfileViewController.swift in Sources */,
				4E8A6D44272968FA0039A469 /* RegistrationViewController.swift in Sources */,
			);
			runOnlyForDeploymentPostprocessing = 0;
		};
		4E8A6D1A272945560039A469 /* Sources */ = {
			isa = PBXSourcesBuildPhase;
			buildActionMask = 2147483647;
			files = (
				4E8A6D23272945560039A469 /* MessengerTests.swift in Sources */,
			);
			runOnlyForDeploymentPostprocessing = 0;
		};
		4E8A6D24272945560039A469 /* Sources */ = {
			isa = PBXSourcesBuildPhase;
			buildActionMask = 2147483647;
			files = (
				4E8A6D2F272945560039A469 /* MessengerUITestsLaunchTests.swift in Sources */,
				4E8A6D2D272945560039A469 /* MessengerUITests.swift in Sources */,
			);
			runOnlyForDeploymentPostprocessing = 0;
		};
/* End PBXSourcesBuildPhase section */

/* Begin PBXTargetDependency section */
		4E8A6D20272945560039A469 /* PBXTargetDependency */ = {
			isa = PBXTargetDependency;
			target = 4E8A6D07272945550039A469 /* Messenger */;
			targetProxy = 4E8A6D1F272945560039A469 /* PBXContainerItemProxy */;
		};
		4E8A6D2A272945560039A469 /* PBXTargetDependency */ = {
			isa = PBXTargetDependency;
			target = 4E8A6D07272945550039A469 /* Messenger */;
			targetProxy = 4E8A6D29272945560039A469 /* PBXContainerItemProxy */;
		};
/* End PBXTargetDependency section */

/* Begin PBXVariantGroup section */
		4E8A6D11272945550039A469 /* Main.storyboard */ = {
			isa = PBXVariantGroup;
			children = (
				4E8A6D12272945550039A469 /* Base */,
			);
			name = Main.storyboard;
			sourceTree = "<group>";
		};
		4E8A6D16272945560039A469 /* LaunchScreen.storyboard */ = {
			isa = PBXVariantGroup;
			children = (
				4E8A6D17272945560039A469 /* Base */,
			);
			name = LaunchScreen.storyboard;
			sourceTree = "<group>";
		};
/* End PBXVariantGroup section */

/* Begin XCBuildConfiguration section */
		4E8A6D30272945560039A469 /* Debug */ = {
			isa = XCBuildConfiguration;
			buildSettings = {
				ALWAYS_SEARCH_USER_PATHS = NO;
				CLANG_ANALYZER_NONNULL = YES;
				CLANG_ANALYZER_NUMBER_OBJECT_CONVERSION = YES_AGGRESSIVE;
				CLANG_CXX_LANGUAGE_STANDARD = "gnu++17";
				CLANG_CXX_LIBRARY = "libc++";
				CLANG_ENABLE_MODULES = YES;
				CLANG_ENABLE_OBJC_ARC = YES;
				CLANG_ENABLE_OBJC_WEAK = YES;
				CLANG_WARN_BLOCK_CAPTURE_AUTORELEASING = YES;
				CLANG_WARN_BOOL_CONVERSION = YES;
				CLANG_WARN_COMMA = YES;
				CLANG_WARN_CONSTANT_CONVERSION = YES;
				CLANG_WARN_DEPRECATED_OBJC_IMPLEMENTATIONS = YES;
				CLANG_WARN_DIRECT_OBJC_ISA_USAGE = YES_ERROR;
				CLANG_WARN_DOCUMENTATION_COMMENTS = YES;
				CLANG_WARN_EMPTY_BODY = YES;
				CLANG_WARN_ENUM_CONVERSION = YES;
				CLANG_WARN_INFINITE_RECURSION = YES;
				CLANG_WARN_INT_CONVERSION = YES;
				CLANG_WARN_NON_LITERAL_NULL_CONVERSION = YES;
				CLANG_WARN_OBJC_IMPLICIT_RETAIN_SELF = YES;
				CLANG_WARN_OBJC_LITERAL_CONVERSION = YES;
				CLANG_WARN_OBJC_ROOT_CLASS = YES_ERROR;
				CLANG_WARN_QUOTED_INCLUDE_IN_FRAMEWORK_HEADER = YES;
				CLANG_WARN_RANGE_LOOP_ANALYSIS = YES;
				CLANG_WARN_STRICT_PROTOTYPES = YES;
				CLANG_WARN_SUSPICIOUS_MOVE = YES;
				CLANG_WARN_UNGUARDED_AVAILABILITY = YES_AGGRESSIVE;
				CLANG_WARN_UNREACHABLE_CODE = YES;
				CLANG_WARN__DUPLICATE_METHOD_MATCH = YES;
				COPY_PHASE_STRIP = NO;
				DEBUG_INFORMATION_FORMAT = dwarf;
				ENABLE_STRICT_OBJC_MSGSEND = YES;
				ENABLE_TESTABILITY = YES;
				GCC_C_LANGUAGE_STANDARD = gnu11;
				GCC_DYNAMIC_NO_PIC = NO;
				GCC_NO_COMMON_BLOCKS = YES;
				GCC_OPTIMIZATION_LEVEL = 0;
				GCC_PREPROCESSOR_DEFINITIONS = (
					"DEBUG=1",
					"$(inherited)",
				);
				GCC_WARN_64_TO_32_BIT_CONVERSION = YES;
				GCC_WARN_ABOUT_RETURN_TYPE = YES_ERROR;
				GCC_WARN_UNDECLARED_SELECTOR = YES;
				GCC_WARN_UNINITIALIZED_AUTOS = YES_AGGRESSIVE;
				GCC_WARN_UNUSED_FUNCTION = YES;
				GCC_WARN_UNUSED_VARIABLE = YES;
				IPHONEOS_DEPLOYMENT_TARGET = 15.0;
				MTL_ENABLE_DEBUG_INFO = INCLUDE_SOURCE;
				MTL_FAST_MATH = YES;
				ONLY_ACTIVE_ARCH = YES;
				SDKROOT = iphoneos;
				SWIFT_ACTIVE_COMPILATION_CONDITIONS = DEBUG;
				SWIFT_OPTIMIZATION_LEVEL = "-Onone";
			};
			name = Debug;
		};
		4E8A6D31272945560039A469 /* Release */ = {
			isa = XCBuildConfiguration;
			buildSettings = {
				ALWAYS_SEARCH_USER_PATHS = NO;
				CLANG_ANALYZER_NONNULL = YES;
				CLANG_ANALYZER_NUMBER_OBJECT_CONVERSION = YES_AGGRESSIVE;
				CLANG_CXX_LANGUAGE_STANDARD = "gnu++17";
				CLANG_CXX_LIBRARY = "libc++";
				CLANG_ENABLE_MODULES = YES;
				CLANG_ENABLE_OBJC_ARC = YES;
				CLANG_ENABLE_OBJC_WEAK = YES;
				CLANG_WARN_BLOCK_CAPTURE_AUTORELEASING = YES;
				CLANG_WARN_BOOL_CONVERSION = YES;
				CLANG_WARN_COMMA = YES;
				CLANG_WARN_CONSTANT_CONVERSION = YES;
				CLANG_WARN_DEPRECATED_OBJC_IMPLEMENTATIONS = YES;
				CLANG_WARN_DIRECT_OBJC_ISA_USAGE = YES_ERROR;
				CLANG_WARN_DOCUMENTATION_COMMENTS = YES;
				CLANG_WARN_EMPTY_BODY = YES;
				CLANG_WARN_ENUM_CONVERSION = YES;
				CLANG_WARN_INFINITE_RECURSION = YES;
				CLANG_WARN_INT_CONVERSION = YES;
				CLANG_WARN_NON_LITERAL_NULL_CONVERSION = YES;
				CLANG_WARN_OBJC_IMPLICIT_RETAIN_SELF = YES;
				CLANG_WARN_OBJC_LITERAL_CONVERSION = YES;
				CLANG_WARN_OBJC_ROOT_CLASS = YES_ERROR;
				CLANG_WARN_QUOTED_INCLUDE_IN_FRAMEWORK_HEADER = YES;
				CLANG_WARN_RANGE_LOOP_ANALYSIS = YES;
				CLANG_WARN_STRICT_PROTOTYPES = YES;
				CLANG_WARN_SUSPICIOUS_MOVE = YES;
				CLANG_WARN_UNGUARDED_AVAILABILITY = YES_AGGRESSIVE;
				CLANG_WARN_UNREACHABLE_CODE = YES;
				CLANG_WARN__DUPLICATE_METHOD_MATCH = YES;
				COPY_PHASE_STRIP = NO;
				DEBUG_INFORMATION_FORMAT = "dwarf-with-dsym";
				ENABLE_NS_ASSERTIONS = NO;
				ENABLE_STRICT_OBJC_MSGSEND = YES;
				GCC_C_LANGUAGE_STANDARD = gnu11;
				GCC_NO_COMMON_BLOCKS = YES;
				GCC_WARN_64_TO_32_BIT_CONVERSION = YES;
				GCC_WARN_ABOUT_RETURN_TYPE = YES_ERROR;
				GCC_WARN_UNDECLARED_SELECTOR = YES;
				GCC_WARN_UNINITIALIZED_AUTOS = YES_AGGRESSIVE;
				GCC_WARN_UNUSED_FUNCTION = YES;
				GCC_WARN_UNUSED_VARIABLE = YES;
				IPHONEOS_DEPLOYMENT_TARGET = 15.0;
				MTL_ENABLE_DEBUG_INFO = NO;
				MTL_FAST_MATH = YES;
				SDKROOT = iphoneos;
				SWIFT_COMPILATION_MODE = wholemodule;
				SWIFT_OPTIMIZATION_LEVEL = "-O";
				VALIDATE_PRODUCT = YES;
			};
			name = Release;
		};
		4E8A6D33272945560039A469 /* Debug */ = {
			isa = XCBuildConfiguration;
			baseConfigurationReference = DE26CA4C9ED23CD828ACD6AD /* Pods-Messenger.debug.xcconfig */;
			buildSettings = {
				ASSETCATALOG_COMPILER_APPICON_NAME = AppIcon;
				ASSETCATALOG_COMPILER_GLOBAL_ACCENT_COLOR_NAME = AccentColor;
				CODE_SIGN_STYLE = Automatic;
				CURRENT_PROJECT_VERSION = 1;
				DEVELOPMENT_TEAM = 99FHHVY5LH;
				GENERATE_INFOPLIST_FILE = YES;
				INFOPLIST_FILE = Messenger/Info.plist;
				INFOPLIST_KEY_UIApplicationSupportsIndirectInputEvents = YES;
				INFOPLIST_KEY_UILaunchStoryboardName = LaunchScreen;
				INFOPLIST_KEY_UIMainStoryboardFile = Main;
				INFOPLIST_KEY_UISupportedInterfaceOrientations_iPad = "UIInterfaceOrientationPortrait UIInterfaceOrientationPortraitUpsideDown UIInterfaceOrientationLandscapeLeft UIInterfaceOrientationLandscapeRight";
				INFOPLIST_KEY_UISupportedInterfaceOrientations_iPhone = "UIInterfaceOrientationPortrait UIInterfaceOrientationLandscapeLeft UIInterfaceOrientationLandscapeRight";
				LD_RUNPATH_SEARCH_PATHS = (
					"$(inherited)",
					"@executable_path/Frameworks",
				);
				MARKETING_VERSION = 1.0;
				PRODUCT_BUNDLE_IDENTIFIER = co.kibetarusey.Messenger;
				PRODUCT_NAME = "$(TARGET_NAME)";
				SWIFT_EMIT_LOC_STRINGS = YES;
				SWIFT_VERSION = 5.0;
				TARGETED_DEVICE_FAMILY = "1,2";
			};
			name = Debug;
		};
		4E8A6D34272945560039A469 /* Release */ = {
			isa = XCBuildConfiguration;
			baseConfigurationReference = F0BE293C3DA6487E978206B2 /* Pods-Messenger.release.xcconfig */;
			buildSettings = {
				ASSETCATALOG_COMPILER_APPICON_NAME = AppIcon;
				ASSETCATALOG_COMPILER_GLOBAL_ACCENT_COLOR_NAME = AccentColor;
				CODE_SIGN_STYLE = Automatic;
				CURRENT_PROJECT_VERSION = 1;
				DEVELOPMENT_TEAM = 99FHHVY5LH;
				GENERATE_INFOPLIST_FILE = YES;
				INFOPLIST_FILE = Messenger/Info.plist;
				INFOPLIST_KEY_UIApplicationSupportsIndirectInputEvents = YES;
				INFOPLIST_KEY_UILaunchStoryboardName = LaunchScreen;
				INFOPLIST_KEY_UIMainStoryboardFile = Main;
				INFOPLIST_KEY_UISupportedInterfaceOrientations_iPad = "UIInterfaceOrientationPortrait UIInterfaceOrientationPortraitUpsideDown UIInterfaceOrientationLandscapeLeft UIInterfaceOrientationLandscapeRight";
				INFOPLIST_KEY_UISupportedInterfaceOrientations_iPhone = "UIInterfaceOrientationPortrait UIInterfaceOrientationLandscapeLeft UIInterfaceOrientationLandscapeRight";
				LD_RUNPATH_SEARCH_PATHS = (
					"$(inherited)",
					"@executable_path/Frameworks",
				);
				MARKETING_VERSION = 1.0;
				PRODUCT_BUNDLE_IDENTIFIER = co.kibetarusey.Messenger;
				PRODUCT_NAME = "$(TARGET_NAME)";
				SWIFT_EMIT_LOC_STRINGS = YES;
				SWIFT_VERSION = 5.0;
				TARGETED_DEVICE_FAMILY = "1,2";
			};
			name = Release;
		};
		4E8A6D36272945560039A469 /* Debug */ = {
			isa = XCBuildConfiguration;
			baseConfigurationReference = 23CB6B0267DFD1CB8DEC14B4 /* Pods-MessengerTests.debug.xcconfig */;
			buildSettings = {
				ALWAYS_EMBED_SWIFT_STANDARD_LIBRARIES = YES;
				BUNDLE_LOADER = "$(TEST_HOST)";
				CODE_SIGN_STYLE = Automatic;
				CURRENT_PROJECT_VERSION = 1;
				DEVELOPMENT_TEAM = 99FHHVY5LH;
				GENERATE_INFOPLIST_FILE = YES;
				IPHONEOS_DEPLOYMENT_TARGET = 15.0;
				LD_RUNPATH_SEARCH_PATHS = (
					"$(inherited)",
					"@executable_path/Frameworks",
					"@loader_path/Frameworks",
				);
				MARKETING_VERSION = 1.0;
				PRODUCT_BUNDLE_IDENTIFIER = co.kibetarusey.MessengerTests;
				PRODUCT_NAME = "$(TARGET_NAME)";
				SWIFT_EMIT_LOC_STRINGS = NO;
				SWIFT_VERSION = 5.0;
				TARGETED_DEVICE_FAMILY = "1,2";
				TEST_HOST = "$(BUILT_PRODUCTS_DIR)/Messenger.app/Messenger";
			};
			name = Debug;
		};
		4E8A6D37272945560039A469 /* Release */ = {
			isa = XCBuildConfiguration;
			baseConfigurationReference = EDBCAC770792816A8F12AD5D /* Pods-MessengerTests.release.xcconfig */;
			buildSettings = {
				ALWAYS_EMBED_SWIFT_STANDARD_LIBRARIES = YES;
				BUNDLE_LOADER = "$(TEST_HOST)";
				CODE_SIGN_STYLE = Automatic;
				CURRENT_PROJECT_VERSION = 1;
				DEVELOPMENT_TEAM = 99FHHVY5LH;
				GENERATE_INFOPLIST_FILE = YES;
				IPHONEOS_DEPLOYMENT_TARGET = 15.0;
				LD_RUNPATH_SEARCH_PATHS = (
					"$(inherited)",
					"@executable_path/Frameworks",
					"@loader_path/Frameworks",
				);
				MARKETING_VERSION = 1.0;
				PRODUCT_BUNDLE_IDENTIFIER = co.kibetarusey.MessengerTests;
				PRODUCT_NAME = "$(TARGET_NAME)";
				SWIFT_EMIT_LOC_STRINGS = NO;
				SWIFT_VERSION = 5.0;
				TARGETED_DEVICE_FAMILY = "1,2";
				TEST_HOST = "$(BUILT_PRODUCTS_DIR)/Messenger.app/Messenger";
			};
			name = Release;
		};
		4E8A6D39272945560039A469 /* Debug */ = {
			isa = XCBuildConfiguration;
			baseConfigurationReference = A55DB547B1786A8C6E056818 /* Pods-Messenger-MessengerUITests.debug.xcconfig */;
			buildSettings = {
				ALWAYS_EMBED_SWIFT_STANDARD_LIBRARIES = YES;
				CODE_SIGN_STYLE = Automatic;
				CURRENT_PROJECT_VERSION = 1;
				DEVELOPMENT_TEAM = 99FHHVY5LH;
				GENERATE_INFOPLIST_FILE = YES;
				LD_RUNPATH_SEARCH_PATHS = (
					"$(inherited)",
					"@executable_path/Frameworks",
					"@loader_path/Frameworks",
				);
				MARKETING_VERSION = 1.0;
				PRODUCT_BUNDLE_IDENTIFIER = co.kibetarusey.MessengerUITests;
				PRODUCT_NAME = "$(TARGET_NAME)";
				SWIFT_EMIT_LOC_STRINGS = NO;
				SWIFT_VERSION = 5.0;
				TARGETED_DEVICE_FAMILY = "1,2";
				TEST_TARGET_NAME = Messenger;
			};
			name = Debug;
		};
		4E8A6D3A272945560039A469 /* Release */ = {
			isa = XCBuildConfiguration;
			baseConfigurationReference = A5DE884AC82F747B47D52EA8 /* Pods-Messenger-MessengerUITests.release.xcconfig */;
			buildSettings = {
				ALWAYS_EMBED_SWIFT_STANDARD_LIBRARIES = YES;
				CODE_SIGN_STYLE = Automatic;
				CURRENT_PROJECT_VERSION = 1;
				DEVELOPMENT_TEAM = 99FHHVY5LH;
				GENERATE_INFOPLIST_FILE = YES;
				LD_RUNPATH_SEARCH_PATHS = (
					"$(inherited)",
					"@executable_path/Frameworks",
					"@loader_path/Frameworks",
				);
				MARKETING_VERSION = 1.0;
				PRODUCT_BUNDLE_IDENTIFIER = co.kibetarusey.MessengerUITests;
				PRODUCT_NAME = "$(TARGET_NAME)";
				SWIFT_EMIT_LOC_STRINGS = NO;
				SWIFT_VERSION = 5.0;
				TARGETED_DEVICE_FAMILY = "1,2";
				TEST_TARGET_NAME = Messenger;
			};
			name = Release;
		};
/* End XCBuildConfiguration section */

/* Begin XCConfigurationList section */
		4E8A6D03272945550039A469 /* Build configuration list for PBXProject "Messenger" */ = {
			isa = XCConfigurationList;
			buildConfigurations = (
				4E8A6D30272945560039A469 /* Debug */,
				4E8A6D31272945560039A469 /* Release */,
			);
			defaultConfigurationIsVisible = 0;
			defaultConfigurationName = Release;
		};
		4E8A6D32272945560039A469 /* Build configuration list for PBXNativeTarget "Messenger" */ = {
			isa = XCConfigurationList;
			buildConfigurations = (
				4E8A6D33272945560039A469 /* Debug */,
				4E8A6D34272945560039A469 /* Release */,
			);
			defaultConfigurationIsVisible = 0;
			defaultConfigurationName = Release;
		};
		4E8A6D35272945560039A469 /* Build configuration list for PBXNativeTarget "MessengerTests" */ = {
			isa = XCConfigurationList;
			buildConfigurations = (
				4E8A6D36272945560039A469 /* Debug */,
				4E8A6D37272945560039A469 /* Release */,
			);
			defaultConfigurationIsVisible = 0;
			defaultConfigurationName = Release;
		};
		4E8A6D38272945560039A469 /* Build configuration list for PBXNativeTarget "MessengerUITests" */ = {
			isa = XCConfigurationList;
			buildConfigurations = (
				4E8A6D39272945560039A469 /* Debug */,
				4E8A6D3A272945560039A469 /* Release */,
			);
			defaultConfigurationIsVisible = 0;
			defaultConfigurationName = Release;
		};
/* End XCConfigurationList section */

/* Begin XCRemoteSwiftPackageReference section */
		4E168425272E8BB3008C173E /* XCRemoteSwiftPackageReference "firebase-ios-sdk" */ = {
			isa = XCRemoteSwiftPackageReference;
			repositoryURL = "https://github.com/firebase/firebase-ios-sdk.git";
			requirement = {
				kind = upToNextMajorVersion;
				minimumVersion = 8.0.0;
			};
		};
/* End XCRemoteSwiftPackageReference section */

/* Begin XCSwiftPackageProductDependency section */
		4E168426272E8BB3008C173E /* FirebaseAnalytics */ = {
			isa = XCSwiftPackageProductDependency;
			package = 4E168425272E8BB3008C173E /* XCRemoteSwiftPackageReference "firebase-ios-sdk" */;
			productName = FirebaseAnalytics;
		};
		4E168428272E8BB3008C173E /* FirebaseAuth */ = {
			isa = XCSwiftPackageProductDependency;
			package = 4E168425272E8BB3008C173E /* XCRemoteSwiftPackageReference "firebase-ios-sdk" */;
			productName = FirebaseAuth;
		};
		4E16842A272E8BB3008C173E /* FirebaseDatabase */ = {
			isa = XCSwiftPackageProductDependency;
			package = 4E168425272E8BB3008C173E /* XCRemoteSwiftPackageReference "firebase-ios-sdk" */;
			productName = FirebaseDatabase;
		};
		4E16842C272E8BB3008C173E /* FirebaseMessaging */ = {
			isa = XCSwiftPackageProductDependency;
			package = 4E168425272E8BB3008C173E /* XCRemoteSwiftPackageReference "firebase-ios-sdk" */;
			productName = FirebaseMessaging;
		};
		4E16842E272E8BB3008C173E /* FirebaseStorage */ = {
			isa = XCSwiftPackageProductDependency;
			package = 4E168425272E8BB3008C173E /* XCRemoteSwiftPackageReference "firebase-ios-sdk" */;
			productName = FirebaseStorage;
		};
/* End XCSwiftPackageProductDependency section */
	};
	rootObject = 4E8A6D00272945550039A469 /* Project object */;
}
